// !$*UTF8*$!
{
	archiveVersion = 1;
	classes = {
	};
	objectVersion = 50;
	objects = {

/* Begin PBXBuildFile section */
		072C4682266F753E0068DF25 /* AppDelegate.swift in Sources */ = {isa = PBXBuildFile; fileRef = 072C4681266F753E0068DF25 /* AppDelegate.swift */; };
		072C4689266F753E0068DF25 /* Main.storyboard in Resources */ = {isa = PBXBuildFile; fileRef = 072C4687266F753E0068DF25 /* Main.storyboard */; };
		072C468B266F75400068DF25 /* Assets.xcassets in Resources */ = {isa = PBXBuildFile; fileRef = 072C468A266F75400068DF25 /* Assets.xcassets */; };
		072C468E266F75400068DF25 /* LaunchScreen.storyboard in Resources */ = {isa = PBXBuildFile; fileRef = 072C468C266F75400068DF25 /* LaunchScreen.storyboard */; };
		072C4699266F762E0068DF25 /* ImageSearchViewController.swift in Sources */ = {isa = PBXBuildFile; fileRef = 072C4698266F762E0068DF25 /* ImageSearchViewController.swift */; };
		072C46A0266F784C0068DF25 /* SearchAPI.swift in Sources */ = {isa = PBXBuildFile; fileRef = 072C469F266F784C0068DF25 /* SearchAPI.swift */; };
		072C46A3266F78B70068DF25 /* Item.swift in Sources */ = {isa = PBXBuildFile; fileRef = 072C46A2266F78B70068DF25 /* Item.swift */; };
		073C7D212678462F000C6663 /* Storage.swift in Sources */ = {isa = PBXBuildFile; fileRef = 073C7D202678462F000C6663 /* Storage.swift */; };
		073C7D4626791989000C6663 /* ImageCell.swift in Sources */ = {isa = PBXBuildFile; fileRef = 073C7D4526791989000C6663 /* ImageCell.swift */; };
		076240942672468600029CD1 /* DetailImageViewController.swift in Sources */ = {isa = PBXBuildFile; fileRef = 076240932672468600029CD1 /* DetailImageViewController.swift */; };
		0762409926727AE700029CD1 /* StoredImageViewController.swift in Sources */ = {isa = PBXBuildFile; fileRef = 0762409826727AE700029CD1 /* StoredImageViewController.swift */; };
/* End PBXBuildFile section */

/* Begin PBXFileReference section */
		072C467E266F753E0068DF25 /* ImageSearch.app */ = {isa = PBXFileReference; explicitFileType = wrapper.application; includeInIndex = 0; path = ImageSearch.app; sourceTree = BUILT_PRODUCTS_DIR; };
		072C4681266F753E0068DF25 /* AppDelegate.swift */ = {isa = PBXFileReference; lastKnownFileType = sourcecode.swift; path = AppDelegate.swift; sourceTree = "<group>"; };
		072C4688266F753E0068DF25 /* Base */ = {isa = PBXFileReference; lastKnownFileType = file.storyboard; name = Base; path = Base.lproj/Main.storyboard; sourceTree = "<group>"; };
		072C468A266F75400068DF25 /* Assets.xcassets */ = {isa = PBXFileReference; lastKnownFileType = folder.assetcatalog; path = Assets.xcassets; sourceTree = "<group>"; };
		072C468D266F75400068DF25 /* Base */ = {isa = PBXFileReference; lastKnownFileType = file.storyboard; name = Base; path = Base.lproj/LaunchScreen.storyboard; sourceTree = "<group>"; };
		072C468F266F75400068DF25 /* Info.plist */ = {isa = PBXFileReference; lastKnownFileType = text.plist.xml; path = Info.plist; sourceTree = "<group>"; };
		072C4698266F762E0068DF25 /* ImageSearchViewController.swift */ = {isa = PBXFileReference; lastKnownFileType = sourcecode.swift; path = ImageSearchViewController.swift; sourceTree = "<group>"; };
		072C469F266F784C0068DF25 /* SearchAPI.swift */ = {isa = PBXFileReference; lastKnownFileType = sourcecode.swift; path = SearchAPI.swift; sourceTree = "<group>"; };
		072C46A2266F78B70068DF25 /* Item.swift */ = {isa = PBXFileReference; lastKnownFileType = sourcecode.swift; path = Item.swift; sourceTree = "<group>"; };
		073C7D202678462F000C6663 /* Storage.swift */ = {isa = PBXFileReference; lastKnownFileType = sourcecode.swift; path = Storage.swift; sourceTree = "<group>"; };
		073C7D4526791989000C6663 /* ImageCell.swift */ = {isa = PBXFileReference; lastKnownFileType = sourcecode.swift; path = ImageCell.swift; sourceTree = "<group>"; };
		076240932672468600029CD1 /* DetailImageViewController.swift */ = {isa = PBXFileReference; lastKnownFileType = sourcecode.swift; path = DetailImageViewController.swift; sourceTree = "<group>"; };
		0762409826727AE700029CD1 /* StoredImageViewController.swift */ = {isa = PBXFileReference; lastKnownFileType = sourcecode.swift; path = StoredImageViewController.swift; sourceTree = "<group>"; };
/* End PBXFileReference section */

/* Begin PBXFrameworksBuildPhase section */
		072C467B266F753E0068DF25 /* Frameworks */ = {
			isa = PBXFrameworksBuildPhase;
			buildActionMask = 2147483647;
			files = (
			);
			runOnlyForDeploymentPostprocessing = 0;
		};
/* End PBXFrameworksBuildPhase section */

/* Begin PBXGroup section */
		072C4675266F753E0068DF25 = {
			isa = PBXGroup;
			children = (
				072C4680266F753E0068DF25 /* ImageSearch */,
				072C467F266F753E0068DF25 /* Products */,
			);
			sourceTree = "<group>";
		};
		072C467F266F753E0068DF25 /* Products */ = {
			isa = PBXGroup;
			children = (
				072C467E266F753E0068DF25 /* ImageSearch.app */,
			);
			name = Products;
			sourceTree = "<group>";
		};
		072C4680266F753E0068DF25 /* ImageSearch */ = {
			isa = PBXGroup;
			children = (
				072C46A2266F78B70068DF25 /* Item.swift */,
				072C469F266F784C0068DF25 /* SearchAPI.swift */,
				072C4681266F753E0068DF25 /* AppDelegate.swift */,
				0762409826727AE700029CD1 /* StoredImageViewController.swift */,
				076240932672468600029CD1 /* DetailImageViewController.swift */,
				072C4698266F762E0068DF25 /* ImageSearchViewController.swift */,
				073C7D4526791989000C6663 /* ImageCell.swift */,
				073C7D202678462F000C6663 /* Storage.swift */,
				072C468A266F75400068DF25 /* Assets.xcassets */,
				072C4687266F753E0068DF25 /* Main.storyboard */,
				072C468C266F75400068DF25 /* LaunchScreen.storyboard */,
				072C468F266F75400068DF25 /* Info.plist */,
			);
			path = ImageSearch;
			sourceTree = "<group>";
		};
/* End PBXGroup section */

/* Begin PBXNativeTarget section */
		072C467D266F753E0068DF25 /* ImageSearch */ = {
			isa = PBXNativeTarget;
			buildConfigurationList = 072C4692266F75400068DF25 /* Build configuration list for PBXNativeTarget "ImageSearch" */;
			buildPhases = (
				072C467A266F753E0068DF25 /* Sources */,
				072C467B266F753E0068DF25 /* Frameworks */,
				072C467C266F753E0068DF25 /* Resources */,
			);
			buildRules = (
			);
			dependencies = (
			);
			name = ImageSearch;
			productName = ImageSearch;
			productReference = 072C467E266F753E0068DF25 /* ImageSearch.app */;
			productType = "com.apple.product-type.application";
		};
/* End PBXNativeTarget section */

/* Begin PBXProject section */
		072C4676266F753E0068DF25 /* Project object */ = {
			isa = PBXProject;
			attributes = {
				LastSwiftUpdateCheck = 1240;
				LastUpgradeCheck = 1240;
				TargetAttributes = {
					072C467D266F753E0068DF25 = {
						CreatedOnToolsVersion = 12.4;
					};
				};
			};
			buildConfigurationList = 072C4679266F753E0068DF25 /* Build configuration list for PBXProject "ImageSearch" */;
			compatibilityVersion = "Xcode 9.3";
			developmentRegion = en;
			hasScannedForEncodings = 0;
			knownRegions = (
				en,
				Base,
			);
			mainGroup = 072C4675266F753E0068DF25;
			productRefGroup = 072C467F266F753E0068DF25 /* Products */;
			projectDirPath = "";
			projectRoot = "";
			targets = (
				072C467D266F753E0068DF25 /* ImageSearch */,
			);
		};
/* End PBXProject section */

/* Begin PBXResourcesBuildPhase section */
		072C467C266F753E0068DF25 /* Resources */ = {
			isa = PBXResourcesBuildPhase;
			buildActionMask = 2147483647;
			files = (
				072C468E266F75400068DF25 /* LaunchScreen.storyboard in Resources */,
				072C468B266F75400068DF25 /* Assets.xcassets in Resources */,
				072C4689266F753E0068DF25 /* Main.storyboard in Resources */,
			);
			runOnlyForDeploymentPostprocessing = 0;
		};
/* End PBXResourcesBuildPhase section */

/* Begin PBXSourcesBuildPhase section */
		072C467A266F753E0068DF25 /* Sources */ = {
			isa = PBXSourcesBuildPhase;
			buildActionMask = 2147483647;
			files = (
				072C46A3266F78B70068DF25 /* Item.swift in Sources */,
				073C7D212678462F000C6663 /* Storage.swift in Sources */,
				072C4699266F762E0068DF25 /* ImageSearchViewController.swift in Sources */,
				072C4682266F753E0068DF25 /* AppDelegate.swift in Sources */,
				0762409926727AE700029CD1 /* StoredImageViewController.swift in Sources */,
				073C7D4626791989000C6663 /* ImageCell.swift in Sources */,
				072C46A0266F784C0068DF25 /* SearchAPI.swift in Sources */,
				076240942672468600029CD1 /* DetailImageViewController.swift in Sources */,
			);
			runOnlyForDeploymentPostprocessing = 0;
		};
/* End PBXSourcesBuildPhase section */

/* Begin PBXVariantGroup section */
		072C4687266F753E0068DF25 /* Main.storyboard */ = {
			isa = PBXVariantGroup;
			children = (
				072C4688266F753E0068DF25 /* Base */,
			);
			name = Main.storyboard;
			sourceTree = "<group>";
		};
		072C468C266F75400068DF25 /* LaunchScreen.storyboard */ = {
			isa = PBXVariantGroup;
			children = (
				072C468D266F75400068DF25 /* Base */,
			);
			name = LaunchScreen.storyboard;
			sourceTree = "<group>";
		};
/* End PBXVariantGroup section */

/* Begin XCBuildConfiguration section */
		072C4690266F75400068DF25 /* Debug */ = {
			isa = XCBuildConfiguration;
			buildSettings = {
				ALWAYS_SEARCH_USER_PATHS = NO;
				CLANG_ANALYZER_NONNULL = YES;
				CLANG_ANALYZER_NUMBER_OBJECT_CONVERSION = YES_AGGRESSIVE;
				CLANG_CXX_LANGUAGE_STANDARD = "gnu++14";
				CLANG_CXX_LIBRARY = "libc++";
				CLANG_ENABLE_MODULES = YES;
				CLANG_ENABLE_OBJC_ARC = YES;
				CLANG_ENABLE_OBJC_WEAK = YES;
				CLANG_WARN_BLOCK_CAPTURE_AUTORELEASING = YES;
				CLANG_WARN_BOOL_CONVERSION = YES;
				CLANG_WARN_COMMA = YES;
				CLANG_WARN_CONSTANT_CONVERSION = YES;
				CLANG_WARN_DEPRECATED_OBJC_IMPLEMENTATIONS = YES;
				CLANG_WARN_DIRECT_OBJC_ISA_USAGE = YES_ERROR;
				CLANG_WARN_DOCUMENTATION_COMMENTS = YES;
				CLANG_WARN_EMPTY_BODY = YES;
				CLANG_WARN_ENUM_CONVERSION = YES;
				CLANG_WARN_INFINITE_RECURSION = YES;
				CLANG_WARN_INT_CONVERSION = YES;
				CLANG_WARN_NON_LITERAL_NULL_CONVERSION = YES;
				CLANG_WARN_OBJC_IMPLICIT_RETAIN_SELF = YES;
				CLANG_WARN_OBJC_LITERAL_CONVERSION = YES;
				CLANG_WARN_OBJC_ROOT_CLASS = YES_ERROR;
				CLANG_WARN_QUOTED_INCLUDE_IN_FRAMEWORK_HEADER = YES;
				CLANG_WARN_RANGE_LOOP_ANALYSIS = YES;
				CLANG_WARN_STRICT_PROTOTYPES = YES;
				CLANG_WARN_SUSPICIOUS_MOVE = YES;
				CLANG_WARN_UNGUARDED_AVAILABILITY = YES_AGGRESSIVE;
				CLANG_WARN_UNREACHABLE_CODE = YES;
				CLANG_WARN__DUPLICATE_METHOD_MATCH = YES;
				COPY_PHASE_STRIP = NO;
				DEBUG_INFORMATION_FORMAT = dwarf;
				ENABLE_STRICT_OBJC_MSGSEND = YES;
				ENABLE_TESTABILITY = YES;
				GCC_C_LANGUAGE_STANDARD = gnu11;
				GCC_DYNAMIC_NO_PIC = NO;
				GCC_NO_COMMON_BLOCKS = YES;
				GCC_OPTIMIZATION_LEVEL = 0;
				GCC_PREPROCESSOR_DEFINITIONS = (
					"DEBUG=1",
					"$(inherited)",
				);
				GCC_WARN_64_TO_32_BIT_CONVERSION = YES;
				GCC_WARN_ABOUT_RETURN_TYPE = YES_ERROR;
				GCC_WARN_UNDECLARED_SELECTOR = YES;
				GCC_WARN_UNINITIALIZED_AUTOS = YES_AGGRESSIVE;
				GCC_WARN_UNUSED_FUNCTION = YES;
				GCC_WARN_UNUSED_VARIABLE = YES;
				IPHONEOS_DEPLOYMENT_TARGET = 13.0;
				MTL_ENABLE_DEBUG_INFO = INCLUDE_SOURCE;
				MTL_FAST_MATH = YES;
				ONLY_ACTIVE_ARCH = YES;
				SDKROOT = iphoneos;
				SWIFT_ACTIVE_COMPILATION_CONDITIONS = DEBUG;
				SWIFT_OPTIMIZATION_LEVEL = "-Onone";
			};
			name = Debug;
		};
		072C4691266F75400068DF25 /* Release */ = {
			isa = XCBuildConfiguration;
			buildSettings = {
				ALWAYS_SEARCH_USER_PATHS = NO;
				CLANG_ANALYZER_NONNULL = YES;
				CLANG_ANALYZER_NUMBER_OBJECT_CONVERSION = YES_AGGRESSIVE;
				CLANG_CXX_LANGUAGE_STANDARD = "gnu++14";
				CLANG_CXX_LIBRARY = "libc++";
				CLANG_ENABLE_MODULES = YES;
				CLANG_ENABLE_OBJC_ARC = YES;
				CLANG_ENABLE_OBJC_WEAK = YES;
				CLANG_WARN_BLOCK_CAPTURE_AUTORELEASING = YES;
				CLANG_WARN_BOOL_CONVERSION = YES;
				CLANG_WARN_COMMA = YES;
				CLANG_WARN_CONSTANT_CONVERSION = YES;
				CLANG_WARN_DEPRECATED_OBJC_IMPLEMENTATIONS = YES;
				CLANG_WARN_DIRECT_OBJC_ISA_USAGE = YES_ERROR;
				CLANG_WARN_DOCUMENTATION_COMMENTS = YES;
				CLANG_WARN_EMPTY_BODY = YES;
				CLANG_WARN_ENUM_CONVERSION = YES;
				CLANG_WARN_INFINITE_RECURSION = YES;
				CLANG_WARN_INT_CONVERSION = YES;
				CLANG_WARN_NON_LITERAL_NULL_CONVERSION = YES;
				CLANG_WARN_OBJC_IMPLICIT_RETAIN_SELF = YES;
				CLANG_WARN_OBJC_LITERAL_CONVERSION = YES;
				CLANG_WARN_OBJC_ROOT_CLASS = YES_ERROR;
				CLANG_WARN_QUOTED_INCLUDE_IN_FRAMEWORK_HEADER = YES;
				CLANG_WARN_RANGE_LOOP_ANALYSIS = YES;
				CLANG_WARN_STRICT_PROTOTYPES = YES;
				CLANG_WARN_SUSPICIOUS_MOVE = YES;
				CLANG_WARN_UNGUARDED_AVAILABILITY = YES_AGGRESSIVE;
				CLANG_WARN_UNREACHABLE_CODE = YES;
				CLANG_WARN__DUPLICATE_METHOD_MATCH = YES;
				COPY_PHASE_STRIP = NO;
				DEBUG_INFORMATION_FORMAT = "dwarf-with-dsym";
				ENABLE_NS_ASSERTIONS = NO;
				ENABLE_STRICT_OBJC_MSGSEND = YES;
				GCC_C_LANGUAGE_STANDARD = gnu11;
				GCC_NO_COMMON_BLOCKS = YES;
				GCC_WARN_64_TO_32_BIT_CONVERSION = YES;
				GCC_WARN_ABOUT_RETURN_TYPE = YES_ERROR;
				GCC_WARN_UNDECLARED_SELECTOR = YES;
				GCC_WARN_UNINITIALIZED_AUTOS = YES_AGGRESSIVE;
				GCC_WARN_UNUSED_FUNCTION = YES;
				GCC_WARN_UNUSED_VARIABLE = YES;
				IPHONEOS_DEPLOYMENT_TARGET = 13.0;
				MTL_ENABLE_DEBUG_INFO = NO;
				MTL_FAST_MATH = YES;
				SDKROOT = iphoneos;
				SWIFT_COMPILATION_MODE = wholemodule;
				SWIFT_OPTIMIZATION_LEVEL = "-O";
				VALIDATE_PRODUCT = YES;
			};
			name = Release;
		};
		072C4693266F75400068DF25 /* Debug */ = {
			isa = XCBuildConfiguration;
			buildSettings = {
				ASSETCATALOG_COMPILER_APPICON_NAME = AppIcon;
				ASSETCATALOG_COMPILER_GLOBAL_ACCENT_COLOR_NAME = AccentColor;
				CODE_SIGN_STYLE = Automatic;
				DEVELOPMENT_TEAM = D68CBY8385;
				INFOPLIST_FILE = ImageSearch/Info.plist;
				IPHONEOS_DEPLOYMENT_TARGET = 11.0;
				LD_RUNPATH_SEARCH_PATHS = (
					"$(inherited)",
					"@executable_path/Frameworks",
				);
				PRODUCT_BUNDLE_IDENTIFIER = jade.ImageSearch;
				PRODUCT_NAME = "$(TARGET_NAME)";
				SWIFT_VERSION = 5.0;
				TARGETED_DEVICE_FAMILY = 1;
			};
			name = Debug;
		};
		072C4694266F75400068DF25 /* Release */ = {
			isa = XCBuildConfiguration;
			buildSettings = {
				ASSETCATALOG_COMPILER_APPICON_NAME = AppIcon;
				ASSETCATALOG_COMPILER_GLOBAL_ACCENT_COLOR_NAME = AccentColor;
				CODE_SIGN_STYLE = Automatic;
				DEVELOPMENT_TEAM = D68CBY8385;
				INFOPLIST_FILE = ImageSearch/Info.plist;
				IPHONEOS_DEPLOYMENT_TARGET = 11.0;
				LD_RUNPATH_SEARCH_PATHS = (
					"$(inherited)",
					"@executable_path/Frameworks",
				);
				PRODUCT_BUNDLE_IDENTIFIER = jade.ImageSearch;
				PRODUCT_NAME = "$(TARGET_NAME)";
				SWIFT_VERSION = 5.0;
				TARGETED_DEVICE_FAMILY = 1;
			};
			name = Release;
		};
/* End XCBuildConfiguration section */

/* Begin XCConfigurationList section */
		072C4679266F753E0068DF25 /* Build configuration list for PBXProject "ImageSearch" */ = {
			isa = XCConfigurationList;
			buildConfigurations = (
				072C4690266F75400068DF25 /* Debug */,
				072C4691266F75400068DF25 /* Release */,
			);
			defaultConfigurationIsVisible = 0;
			defaultConfigurationName = Release;
		};
		072C4692266F75400068DF25 /* Build configuration list for PBXNativeTarget "ImageSearch" */ = {
			isa = XCConfigurationList;
			buildConfigurations = (
				072C4693266F75400068DF25 /* Debug */,
				072C4694266F75400068DF25 /* Release */,
			);
			defaultConfigurationIsVisible = 0;
			defaultConfigurationName = Release;
		};
/* End XCConfigurationList section */
	};
	rootObject = 072C4676266F753E0068DF25 /* Project object */;
}
